
Microsoft Visual Studio Solution File, Format Version 12.00
# Visual Studio Version 17
VisualStudioVersion = 17.11.35312.102
MinimumVisualStudioVersion = 10.0.40219.1
Project("{8BC9CEB8-8B4A-11D0-8D11-00A0C91BC942}") = "problem1-列车进站", "problem1-列车进站\problem1-列车进站.vcxproj", "{2C94CEC2-1E2D-4648-8091-BA5C44E1613F}"
EndProject
Project("{8BC9CEB8-8B4A-11D0-8D11-00A0C91BC942}") = "problem2-最长子串", "problem2-最长子串\problem2-最长子串.vcxproj", "{6D9A5130-7841-4C72-849B-926115E6990A}"
EndProject
Project("{8BC9CEB8-8B4A-11D0-8D11-00A0C91BC942}") = "problem2-test", "problem2-test\problem2-test.vcxproj", "{C9F37420-7942-40E5-B0DC-EBB57AA41EC4}"
EndProject
Project("{8BC9CEB8-8B4A-11D0-8D11-00A0C91BC942}") = "problem2-更新理解版", "problem2-更新理解版\problem2-更新理解版.vcxproj", "{2E9404D7-E1A3-430F-A4F9-0BBFFDC379B2}"
EndProject
Project("{8BC9CEB8-8B4A-11D0-8D11-00A0C91BC942}") = "problem3-布尔表达式-1", "problem3-布尔表达式-1\problem3-布尔表达式-1.vcxproj", "{067B5A07-82B2-4601-8275-51C1AD5ED1F8}"
EndProject
Global
	GlobalSection(SolutionConfigurationPlatforms) = preSolution
		Debug|x64 = Debug|x64
		Debug|x86 = Debug|x86
		Release|x64 = Release|x64
		Release|x86 = Release|x86
	EndGlobalSection
	GlobalSection(ProjectConfigurationPlatforms) = postSolution
		{2C94CEC2-1E2D-4648-8091-BA5C44E1613F}.Debug|x64.ActiveCfg = Debug|x64
		{2C94CEC2-1E2D-4648-8091-BA5C44E1613F}.Debug|x64.Build.0 = Debug|x64
		{2C94CEC2-1E2D-4648-8091-BA5C44E1613F}.Debug|x86.ActiveCfg = Debug|Win32
		{2C94CEC2-1E2D-4648-8091-BA5C44E1613F}.Debug|x86.Build.0 = Debug|Win32
		{2C94CEC2-1E2D-4648-8091-BA5C44E1613F}.Release|x64.ActiveCfg = Release|x64
		{2C94CEC2-1E2D-4648-8091-BA5C44E1613F}.Release|x64.Build.0 = Release|x64
		{2C94CEC2-1E2D-4648-8091-BA5C44E1613F}.Release|x86.ActiveCfg = Release|Win32
		{2C94CEC2-1E2D-4648-8091-BA5C44E1613F}.Release|x86.Build.0 = Release|Win32
		{6D9A5130-7841-4C72-849B-926115E6990A}.Debug|x64.ActiveCfg = Debug|x64
		{6D9A5130-7841-4C72-849B-926115E6990A}.Debug|x64.Build.0 = Debug|x64
		{6D9A5130-7841-4C72-849B-926115E6990A}.Debug|x86.ActiveCfg = Debug|Win32
		{6D9A5130-7841-4C72-849B-926115E6990A}.Debug|x86.Build.0 = Debug|Win32
		{6D9A5130-7841-4C72-849B-926115E6990A}.Release|x64.ActiveCfg = Release|x64
		{6D9A5130-7841-4C72-849B-926115E6990A}.Release|x64.Build.0 = Release|x64
		{6D9A5130-7841-4C72-849B-926115E6990A}.Release|x86.ActiveCfg = Release|Win32
		{6D9A5130-7841-4C72-849B-926115E6990A}.Release|x86.Build.0 = Release|Win32
		{C9F37420-7942-40E5-B0DC-EBB57AA41EC4}.Debug|x64.ActiveCfg = Debug|x64
		{C9F37420-7942-40E5-B0DC-EBB57AA41EC4}.Debug|x64.Build.0 = Debug|x64
		{C9F37420-7942-40E5-B0DC-EBB57AA41EC4}.Debug|x86.ActiveCfg = Debug|Win32
		{C9F37420-7942-40E5-B0DC-EBB57AA41EC4}.Debug|x86.Build.0 = Debug|Win32
		{C9F37420-7942-40E5-B0DC-EBB57AA41EC4}.Release|x64.ActiveCfg = Release|x64
		{C9F37420-7942-40E5-B0DC-EBB57AA41EC4}.Release|x64.Build.0 = Release|x64
		{C9F37420-7942-40E5-B0DC-EBB57AA41EC4}.Release|x86.ActiveCfg = Release|Win32
		{C9F37420-7942-40E5-B0DC-EBB57AA41EC4}.Release|x86.Build.0 = Release|Win32
		{2E9404D7-E1A3-430F-A4F9-0BBFFDC379B2}.Debug|x64.ActiveCfg = Debug|x64
		{2E9404D7-E1A3-430F-A4F9-0BBFFDC379B2}.Debug|x64.Build.0 = Debug|x64
		{2E9404D7-E1A3-430F-A4F9-0BBFFDC379B2}.Debug|x86.ActiveCfg = Debug|Win32
		{2E9404D7-E1A3-430F-A4F9-0BBFFDC379B2}.Debug|x86.Build.0 = Debug|Win32
		{2E9404D7-E1A3-430F-A4F9-0BBFFDC379B2}.Release|x64.ActiveCfg = Release|x64
		{2E9404D7-E1A3-430F-A4F9-0BBFFDC379B2}.Release|x64.Build.0 = Release|x64
		{2E9404D7-E1A3-430F-A4F9-0BBFFDC379B2}.Release|x86.ActiveCfg = Release|Win32
		{2E9404D7-E1A3-430F-A4F9-0BBFFDC379B2}.Release|x86.Build.0 = Release|Win32
		{067B5A07-82B2-4601-8275-51C1AD5ED1F8}.Debug|x64.ActiveCfg = Debug|x64
		{067B5A07-82B2-4601-8275-51C1AD5ED1F8}.Debug|x64.Build.0 = Debug|x64
		{067B5A07-82B2-4601-8275-51C1AD5ED1F8}.Debug|x86.ActiveCfg = Debug|Win32
		{067B5A07-82B2-4601-8275-51C1AD5ED1F8}.Debug|x86.Build.0 = Debug|Win32
		{067B5A07-82B2-4601-8275-51C1AD5ED1F8}.Release|x64.ActiveCfg = Release|x64
		{067B5A07-82B2-4601-8275-51C1AD5ED1F8}.Release|x64.Build.0 = Release|x64
		{067B5A07-82B2-4601-8275-51C1AD5ED1F8}.Release|x86.ActiveCfg = Release|Win32
		{067B5A07-82B2-4601-8275-51C1AD5ED1F8}.Release|x86.Build.0 = Release|Win32
	EndGlobalSection
	GlobalSection(SolutionProperties) = preSolution
		HideSolutionNode = FALSE
	EndGlobalSection
	GlobalSection(ExtensibilityGlobals) = postSolution
		SolutionGuid = {92E6C00A-EAE1-4939-8B24-C772922B3F83}
	EndGlobalSection
EndGlobal
