
Microsoft Visual Studio Solution File, Format Version 12.00
# Visual Studio Version 17
VisualStudioVersion = 17.12.35514.174
MinimumVisualStudioVersion = 10.0.40219.1
Project("{8BC9CEB8-8B4A-11D0-8D11-00A0C91BC942}") = "16-b5", "16-b5\16-b5.vcxproj", "{0BA3CFC3-A3FE-4166-8FC3-DC6B3B3C47B4}"
EndProject
Project("{8BC9CEB8-8B4A-11D0-8D11-00A0C91BC942}") = "16-b6", "16-b6\16-b6.vcxproj", "{66B10F33-3A32-4DC1-9C85-74EDB15E1CCA}"
EndProject
Project("{8BC9CEB8-8B4A-11D0-8D11-00A0C91BC942}") = "16-b7", "16-b7\16-b7.vcxproj", "{A52AEA7F-D4CD-4219-B8B9-4C863CC144AC}"
EndProject
Global
	GlobalSection(SolutionConfigurationPlatforms) = preSolution
		Debug|x64 = Debug|x64
		Debug|x86 = Debug|x86
		Release|x64 = Release|x64
		Release|x86 = Release|x86
	EndGlobalSection
	GlobalSection(ProjectConfigurationPlatforms) = postSolution
		{0BA3CFC3-A3FE-4166-8FC3-DC6B3B3C47B4}.Debug|x64.ActiveCfg = Debug|x64
		{0BA3CFC3-A3FE-4166-8FC3-DC6B3B3C47B4}.Debug|x64.Build.0 = Debug|x64
		{0BA3CFC3-A3FE-4166-8FC3-DC6B3B3C47B4}.Debug|x86.ActiveCfg = Debug|Win32
		{0BA3CFC3-A3FE-4166-8FC3-DC6B3B3C47B4}.Debug|x86.Build.0 = Debug|Win32
		{0BA3CFC3-A3FE-4166-8FC3-DC6B3B3C47B4}.Release|x64.ActiveCfg = Release|x64
		{0BA3CFC3-A3FE-4166-8FC3-DC6B3B3C47B4}.Release|x64.Build.0 = Release|x64
		{0BA3CFC3-A3FE-4166-8FC3-DC6B3B3C47B4}.Release|x86.ActiveCfg = Release|Win32
		{0BA3CFC3-A3FE-4166-8FC3-DC6B3B3C47B4}.Release|x86.Build.0 = Release|Win32
		{66B10F33-3A32-4DC1-9C85-74EDB15E1CCA}.Debug|x64.ActiveCfg = Debug|x64
		{66B10F33-3A32-4DC1-9C85-74EDB15E1CCA}.Debug|x64.Build.0 = Debug|x64
		{66B10F33-3A32-4DC1-9C85-74EDB15E1CCA}.Debug|x86.ActiveCfg = Debug|Win32
		{66B10F33-3A32-4DC1-9C85-74EDB15E1CCA}.Debug|x86.Build.0 = Debug|Win32
		{66B10F33-3A32-4DC1-9C85-74EDB15E1CCA}.Release|x64.ActiveCfg = Release|x64
		{66B10F33-3A32-4DC1-9C85-74EDB15E1CCA}.Release|x64.Build.0 = Release|x64
		{66B10F33-3A32-4DC1-9C85-74EDB15E1CCA}.Release|x86.ActiveCfg = Release|Win32
		{66B10F33-3A32-4DC1-9C85-74EDB15E1CCA}.Release|x86.Build.0 = Release|Win32
		{A52AEA7F-D4CD-4219-B8B9-4C863CC144AC}.Debug|x64.ActiveCfg = Debug|x64
		{A52AEA7F-D4CD-4219-B8B9-4C863CC144AC}.Debug|x64.Build.0 = Debug|x64
		{A52AEA7F-D4CD-4219-B8B9-4C863CC144AC}.Debug|x86.ActiveCfg = Debug|Win32
		{A52AEA7F-D4CD-4219-B8B9-4C863CC144AC}.Debug|x86.Build.0 = Debug|Win32
		{A52AEA7F-D4CD-4219-B8B9-4C863CC144AC}.Release|x64.ActiveCfg = Release|x64
		{A52AEA7F-D4CD-4219-B8B9-4C863CC144AC}.Release|x64.Build.0 = Release|x64
		{A52AEA7F-D4CD-4219-B8B9-4C863CC144AC}.Release|x86.ActiveCfg = Release|Win32
		{A52AEA7F-D4CD-4219-B8B9-4C863CC144AC}.Release|x86.Build.0 = Release|Win32
	EndGlobalSection
	GlobalSection(SolutionProperties) = preSolution
		HideSolutionNode = FALSE
	EndGlobalSection
EndGlobal
